
Microsoft Visual Studio Solution File, Format Version 12.00
# Visual Studio 15
VisualStudioVersion = 15.0.27703.2047
MinimumVisualStudioVersion = 10.0.40219.1
Project("{FAE04EC0-301F-11D3-BF4B-00C04F79EFBC}") = "BlackJack.WEB", "BlackJack.WEB\BlackJack.WEB.csproj", "{9A546944-15AD-43FC-917B-F72B30F651C7}"
EndProject
Project("{FAE04EC0-301F-11D3-BF4B-00C04F79EFBC}") = "BlackJack.Entities", "BlackJack.Entities\BlackJack.Entities.csproj", "{E272635A-E4DD-4D20-A325-B9D6D41AECDD}"
EndProject
Project("{FAE04EC0-301F-11D3-BF4B-00C04F79EFBC}") = "BlackJack.ViewModels", "BlackJack.ViewModels\BlackJack.ViewModels.csproj", "{F2F17A5F-7232-444E-A7EC-69EC781C9A65}"
EndProject
Project("{FAE04EC0-301F-11D3-BF4B-00C04F79EFBC}") = "BlackJack.BusinessLogicLayer", "BlackJack.BusinessLogicLayer\BlackJack.BusinessLogicLayer.csproj", "{318AF091-C8CE-437E-88FD-1BBF9B530366}"
EndProject
Project("{FAE04EC0-301F-11D3-BF4B-00C04F79EFBC}") = "BlackJack.DataAccessLayer", "BlackJack.DataAccessLayer\BlackJack.DataAccessLayer.csproj", "{405F2C8C-F5CB-4B26-B7A1-68D7DEC18F9B}"
EndProject
Project("{FAE04EC0-301F-11D3-BF4B-00C04F79EFBC}") = "BlackJack.Ijections", "BlackJack.Ijections\BlackJack.Ijections.csproj", "{66E6F45E-D7C0-485A-85BB-FD93FBECBA40}"
EndProject
Global
	GlobalSection(SolutionConfigurationPlatforms) = preSolution
		Debug|Any CPU = Debug|Any CPU
		Release|Any CPU = Release|Any CPU
	EndGlobalSection
	GlobalSection(ProjectConfigurationPlatforms) = postSolution
		{9A546944-15AD-43FC-917B-F72B30F651C7}.Debug|Any CPU.ActiveCfg = Debug|Any CPU
		{9A546944-15AD-43FC-917B-F72B30F651C7}.Debug|Any CPU.Build.0 = Debug|Any CPU
		{9A546944-15AD-43FC-917B-F72B30F651C7}.Release|Any CPU.ActiveCfg = Release|Any CPU
		{9A546944-15AD-43FC-917B-F72B30F651C7}.Release|Any CPU.Build.0 = Release|Any CPU
		{E272635A-E4DD-4D20-A325-B9D6D41AECDD}.Debug|Any CPU.ActiveCfg = Debug|Any CPU
		{E272635A-E4DD-4D20-A325-B9D6D41AECDD}.Debug|Any CPU.Build.0 = Debug|Any CPU
		{E272635A-E4DD-4D20-A325-B9D6D41AECDD}.Release|Any CPU.ActiveCfg = Release|Any CPU
		{E272635A-E4DD-4D20-A325-B9D6D41AECDD}.Release|Any CPU.Build.0 = Release|Any CPU
		{F2F17A5F-7232-444E-A7EC-69EC781C9A65}.Debug|Any CPU.ActiveCfg = Debug|Any CPU
		{F2F17A5F-7232-444E-A7EC-69EC781C9A65}.Debug|Any CPU.Build.0 = Debug|Any CPU
		{F2F17A5F-7232-444E-A7EC-69EC781C9A65}.Release|Any CPU.ActiveCfg = Release|Any CPU
		{F2F17A5F-7232-444E-A7EC-69EC781C9A65}.Release|Any CPU.Build.0 = Release|Any CPU
		{318AF091-C8CE-437E-88FD-1BBF9B530366}.Debug|Any CPU.ActiveCfg = Debug|Any CPU
		{318AF091-C8CE-437E-88FD-1BBF9B530366}.Debug|Any CPU.Build.0 = Debug|Any CPU
		{318AF091-C8CE-437E-88FD-1BBF9B530366}.Release|Any CPU.ActiveCfg = Release|Any CPU
		{318AF091-C8CE-437E-88FD-1BBF9B530366}.Release|Any CPU.Build.0 = Release|Any CPU
		{405F2C8C-F5CB-4B26-B7A1-68D7DEC18F9B}.Debug|Any CPU.ActiveCfg = Debug|Any CPU
		{405F2C8C-F5CB-4B26-B7A1-68D7DEC18F9B}.Debug|Any CPU.Build.0 = Debug|Any CPU
		{405F2C8C-F5CB-4B26-B7A1-68D7DEC18F9B}.Release|Any CPU.ActiveCfg = Release|Any CPU
		{405F2C8C-F5CB-4B26-B7A1-68D7DEC18F9B}.Release|Any CPU.Build.0 = Release|Any CPU
		{66E6F45E-D7C0-485A-85BB-FD93FBECBA40}.Debug|Any CPU.ActiveCfg = Debug|Any CPU
		{66E6F45E-D7C0-485A-85BB-FD93FBECBA40}.Debug|Any CPU.Build.0 = Debug|Any CPU
		{66E6F45E-D7C0-485A-85BB-FD93FBECBA40}.Release|Any CPU.ActiveCfg = Release|Any CPU
		{66E6F45E-D7C0-485A-85BB-FD93FBECBA40}.Release|Any CPU.Build.0 = Release|Any CPU
	EndGlobalSection
	GlobalSection(SolutionProperties) = preSolution
		HideSolutionNode = FALSE
	EndGlobalSection
	GlobalSection(ExtensibilityGlobals) = postSolution
		SolutionGuid = {39659D8C-096C-48A1-8B01-8B85DFD4B7F8}
	EndGlobalSection
EndGlobal
